
Microsoft Visual Studio Solution File, Format Version 12.00
# Visual Studio Version 17
VisualStudioVersion = 17.0.31903.59
MinimumVisualStudioVersion = 10.0.40219.1
Project("{FAE04EC0-301F-11D3-BF4B-00C04F79EFBC}") = "ProductManagementApi.Tests", "ProductManagementApi.Tests\ProductManagementApi.Tests.csproj", "{1EBFF93E-FF4F-459F-9F79-78FB82487EB5}"
EndProject
Project("{FAE04EC0-301F-11D3-BF4B-00C04F79EFBC}") = "ProductManagementApi", "ProductManagementApi\ProductManagementApi.csproj", "{50EE90FC-3CE7-44ED-8BF8-594EF759081D}"
EndProject
Global
	GlobalSection(SolutionConfigurationPlatforms) = preSolution
		Debug|Any CPU = Debug|Any CPU
		Release|Any CPU = Release|Any CPU
	EndGlobalSection
	GlobalSection(SolutionProperties) = preSolution
		HideSolutionNode = FALSE
	EndGlobalSection
	GlobalSection(ProjectConfigurationPlatforms) = postSolution
		{1EBFF93E-FF4F-459F-9F79-78FB82487EB5}.Debug|Any CPU.ActiveCfg = Debug|Any CPU
		{1EBFF93E-FF4F-459F-9F79-78FB82487EB5}.Debug|Any CPU.Build.0 = Debug|Any CPU
		{1EBFF93E-FF4F-459F-9F79-78FB82487EB5}.Release|Any CPU.ActiveCfg = Release|Any CPU
		{1EBFF93E-FF4F-459F-9F79-78FB82487EB5}.Release|Any CPU.Build.0 = Release|Any CPU
		{50EE90FC-3CE7-44ED-8BF8-594EF759081D}.Debug|Any CPU.ActiveCfg = Debug|Any CPU
		{50EE90FC-3CE7-44ED-8BF8-594EF759081D}.Debug|Any CPU.Build.0 = Debug|Any CPU
		{50EE90FC-3CE7-44ED-8BF8-594EF759081D}.Release|Any CPU.ActiveCfg = Release|Any CPU
		{50EE90FC-3CE7-44ED-8BF8-594EF759081D}.Release|Any CPU.Build.0 = Release|Any CPU
	EndGlobalSection
EndGlobal
